
Microsoft Visual Studio Solution File, Format Version 12.00
# Visual Studio 15
VisualStudioVersion = 15.0.28307.757
MinimumVisualStudioVersion = 10.0.40219.1
Project("{FAE04EC0-301F-11D3-BF4B-00C04F79EFBC}") = "TwoTbl.Android", "TwoTbl\TwoTbl.Android\TwoTbl.Android.csproj", "{CE0D330B-1591-4A5C-9B06-0351F625F573}"
EndProject
Project("{FAE04EC0-301F-11D3-BF4B-00C04F79EFBC}") = "TwoTbl.iOS", "TwoTbl\TwoTbl.iOS\TwoTbl.iOS.csproj", "{AE34C16C-F522-446A-AC10-11B3E3038678}"
EndProject
Project("{FAE04EC0-301F-11D3-BF4B-00C04F79EFBC}") = "TwoTbl", "TwoTbl\TwoTbl\TwoTbl.csproj", "{1D41190F-C240-4835-BB22-93B01042F8B1}"
EndProject
Global
	GlobalSection(SolutionConfigurationPlatforms) = preSolution
		Ad-Hoc|Any CPU = Ad-Hoc|Any CPU
		Ad-Hoc|iPhone = Ad-Hoc|iPhone
		Ad-Hoc|iPhoneSimulator = Ad-Hoc|iPhoneSimulator
		AppStore|Any CPU = AppStore|Any CPU
		AppStore|iPhone = AppStore|iPhone
		AppStore|iPhoneSimulator = AppStore|iPhoneSimulator
		Debug|Any CPU = Debug|Any CPU
		Debug|iPhone = Debug|iPhone
		Debug|iPhoneSimulator = Debug|iPhoneSimulator
		Release|Any CPU = Release|Any CPU
		Release|iPhone = Release|iPhone
		Release|iPhoneSimulator = Release|iPhoneSimulator
	EndGlobalSection
	GlobalSection(ProjectConfigurationPlatforms) = postSolution
		{CE0D330B-1591-4A5C-9B06-0351F625F573}.Ad-Hoc|Any CPU.ActiveCfg = Release|Any CPU
		{CE0D330B-1591-4A5C-9B06-0351F625F573}.Ad-Hoc|Any CPU.Build.0 = Release|Any CPU
		{CE0D330B-1591-4A5C-9B06-0351F625F573}.Ad-Hoc|Any CPU.Deploy.0 = Release|Any CPU
		{CE0D330B-1591-4A5C-9B06-0351F625F573}.Ad-Hoc|iPhone.ActiveCfg = Release|Any CPU
		{CE0D330B-1591-4A5C-9B06-0351F625F573}.Ad-Hoc|iPhone.Build.0 = Release|Any CPU
		{CE0D330B-1591-4A5C-9B06-0351F625F573}.Ad-Hoc|iPhone.Deploy.0 = Release|Any CPU
		{CE0D330B-1591-4A5C-9B06-0351F625F573}.Ad-Hoc|iPhoneSimulator.ActiveCfg = Release|Any CPU
		{CE0D330B-1591-4A5C-9B06-0351F625F573}.Ad-Hoc|iPhoneSimulator.Build.0 = Release|Any CPU
		{CE0D330B-1591-4A5C-9B06-0351F625F573}.Ad-Hoc|iPhoneSimulator.Deploy.0 = Release|Any CPU
		{CE0D330B-1591-4A5C-9B06-0351F625F573}.AppStore|Any CPU.ActiveCfg = Release|Any CPU
		{CE0D330B-1591-4A5C-9B06-0351F625F573}.AppStore|Any CPU.Build.0 = Release|Any CPU
		{CE0D330B-1591-4A5C-9B06-0351F625F573}.AppStore|Any CPU.Deploy.0 = Release|Any CPU
		{CE0D330B-1591-4A5C-9B06-0351F625F573}.AppStore|iPhone.ActiveCfg = Release|Any CPU
		{CE0D330B-1591-4A5C-9B06-0351F625F573}.AppStore|iPhone.Build.0 = Release|Any CPU
		{CE0D330B-1591-4A5C-9B06-0351F625F573}.AppStore|iPhone.Deploy.0 = Release|Any CPU
		{CE0D330B-1591-4A5C-9B06-0351F625F573}.AppStore|iPhoneSimulator.ActiveCfg = Release|Any CPU
		{CE0D330B-1591-4A5C-9B06-0351F625F573}.AppStore|iPhoneSimulator.Build.0 = Release|Any CPU
		{CE0D330B-1591-4A5C-9B06-0351F625F573}.AppStore|iPhoneSimulator.Deploy.0 = Release|Any CPU
		{CE0D330B-1591-4A5C-9B06-0351F625F573}.Debug|Any CPU.ActiveCfg = Debug|Any CPU
		{CE0D330B-1591-4A5C-9B06-0351F625F573}.Debug|Any CPU.Build.0 = Debug|Any CPU
		{CE0D330B-1591-4A5C-9B06-0351F625F573}.Debug|Any CPU.Deploy.0 = Debug|Any CPU
		{CE0D330B-1591-4A5C-9B06-0351F625F573}.Debug|iPhone.ActiveCfg = Debug|Any CPU
		{CE0D330B-1591-4A5C-9B06-0351F625F573}.Debug|iPhone.Build.0 = Debug|Any CPU
		{CE0D330B-1591-4A5C-9B06-0351F625F573}.Debug|iPhone.Deploy.0 = Debug|Any CPU
		{CE0D330B-1591-4A5C-9B06-0351F625F573}.Debug|iPhoneSimulator.ActiveCfg = Debug|Any CPU
		{CE0D330B-1591-4A5C-9B06-0351F625F573}.Debug|iPhoneSimulator.Build.0 = Debug|Any CPU
		{CE0D330B-1591-4A5C-9B06-0351F625F573}.Debug|iPhoneSimulator.Deploy.0 = Debug|Any CPU
		{CE0D330B-1591-4A5C-9B06-0351F625F573}.Release|Any CPU.ActiveCfg = Release|Any CPU
		{CE0D330B-1591-4A5C-9B06-0351F625F573}.Release|Any CPU.Build.0 = Release|Any CPU
		{CE0D330B-1591-4A5C-9B06-0351F625F573}.Release|Any CPU.Deploy.0 = Release|Any CPU
		{CE0D330B-1591-4A5C-9B06-0351F625F573}.Release|iPhone.ActiveCfg = Release|Any CPU
		{CE0D330B-1591-4A5C-9B06-0351F625F573}.Release|iPhone.Build.0 = Release|Any CPU
		{CE0D330B-1591-4A5C-9B06-0351F625F573}.Release|iPhone.Deploy.0 = Release|Any CPU
		{CE0D330B-1591-4A5C-9B06-0351F625F573}.Release|iPhoneSimulator.ActiveCfg = Release|Any CPU
		{CE0D330B-1591-4A5C-9B06-0351F625F573}.Release|iPhoneSimulator.Build.0 = Release|Any CPU
		{CE0D330B-1591-4A5C-9B06-0351F625F573}.Release|iPhoneSimulator.Deploy.0 = Release|Any CPU
		{AE34C16C-F522-446A-AC10-11B3E3038678}.Ad-Hoc|Any CPU.ActiveCfg = Ad-Hoc|iPhone
		{AE34C16C-F522-446A-AC10-11B3E3038678}.Ad-Hoc|Any CPU.Build.0 = Ad-Hoc|iPhone
		{AE34C16C-F522-446A-AC10-11B3E3038678}.Ad-Hoc|Any CPU.Deploy.0 = Ad-Hoc|iPhone
		{AE34C16C-F522-446A-AC10-11B3E3038678}.Ad-Hoc|iPhone.ActiveCfg = Ad-Hoc|iPhone
		{AE34C16C-F522-446A-AC10-11B3E3038678}.Ad-Hoc|iPhone.Build.0 = Ad-Hoc|iPhone
		{AE34C16C-F522-446A-AC10-11B3E3038678}.Ad-Hoc|iPhone.Deploy.0 = Ad-Hoc|iPhone
		{AE34C16C-F522-446A-AC10-11B3E3038678}.Ad-Hoc|iPhoneSimulator.ActiveCfg = Ad-Hoc|iPhoneSimulator
		{AE34C16C-F522-446A-AC10-11B3E3038678}.Ad-Hoc|iPhoneSimulator.Build.0 = Ad-Hoc|iPhoneSimulator
		{AE34C16C-F522-446A-AC10-11B3E3038678}.Ad-Hoc|iPhoneSimulator.Deploy.0 = Ad-Hoc|iPhoneSimulator
		{AE34C16C-F522-446A-AC10-11B3E3038678}.AppStore|Any CPU.ActiveCfg = AppStore|iPhone
		{AE34C16C-F522-446A-AC10-11B3E3038678}.AppStore|Any CPU.Build.0 = AppStore|iPhone
		{AE34C16C-F522-446A-AC10-11B3E3038678}.AppStore|Any CPU.Deploy.0 = AppStore|iPhone
		{AE34C16C-F522-446A-AC10-11B3E3038678}.AppStore|iPhone.ActiveCfg = AppStore|iPhone
		{AE34C16C-F522-446A-AC10-11B3E3038678}.AppStore|iPhone.Build.0 = AppStore|iPhone
		{AE34C16C-F522-446A-AC10-11B3E3038678}.AppStore|iPhone.Deploy.0 = AppStore|iPhone
		{AE34C16C-F522-446A-AC10-11B3E3038678}.AppStore|iPhoneSimulator.ActiveCfg = AppStore|iPhoneSimulator
		{AE34C16C-F522-446A-AC10-11B3E3038678}.AppStore|iPhoneSimulator.Build.0 = AppStore|iPhoneSimulator
		{AE34C16C-F522-446A-AC10-11B3E3038678}.AppStore|iPhoneSimulator.Deploy.0 = AppStore|iPhoneSimulator
		{AE34C16C-F522-446A-AC10-11B3E3038678}.Debug|Any CPU.ActiveCfg = Debug|iPhoneSimulator
		{AE34C16C-F522-446A-AC10-11B3E3038678}.Debug|Any CPU.Build.0 = Debug|iPhoneSimulator
		{AE34C16C-F522-446A-AC10-11B3E3038678}.Debug|Any CPU.Deploy.0 = Debug|iPhoneSimulator
		{AE34C16C-F522-446A-AC10-11B3E3038678}.Debug|iPhone.ActiveCfg = Debug|iPhone
		{AE34C16C-F522-446A-AC10-11B3E3038678}.Debug|iPhone.Build.0 = Debug|iPhone
		{AE34C16C-F522-446A-AC10-11B3E3038678}.Debug|iPhone.Deploy.0 = Debug|iPhone
		{AE34C16C-F522-446A-AC10-11B3E3038678}.Debug|iPhoneSimulator.ActiveCfg = Debug|iPhoneSimulator
		{AE34C16C-F522-446A-AC10-11B3E3038678}.Debug|iPhoneSimulator.Build.0 = Debug|iPhoneSimulator
		{AE34C16C-F522-446A-AC10-11B3E3038678}.Debug|iPhoneSimulator.Deploy.0 = Debug|iPhoneSimulator
		{AE34C16C-F522-446A-AC10-11B3E3038678}.Release|Any CPU.ActiveCfg = Release|iPhone
		{AE34C16C-F522-446A-AC10-11B3E3038678}.Release|Any CPU.Build.0 = Release|iPhone
		{AE34C16C-F522-446A-AC10-11B3E3038678}.Release|Any CPU.Deploy.0 = Release|iPhone
		{AE34C16C-F522-446A-AC10-11B3E3038678}.Release|iPhone.ActiveCfg = Release|iPhone
		{AE34C16C-F522-446A-AC10-11B3E3038678}.Release|iPhone.Build.0 = Release|iPhone
		{AE34C16C-F522-446A-AC10-11B3E3038678}.Release|iPhone.Deploy.0 = Release|iPhone
		{AE34C16C-F522-446A-AC10-11B3E3038678}.Release|iPhoneSimulator.ActiveCfg = Release|iPhoneSimulator
		{AE34C16C-F522-446A-AC10-11B3E3038678}.Release|iPhoneSimulator.Build.0 = Release|iPhoneSimulator
		{AE34C16C-F522-446A-AC10-11B3E3038678}.Release|iPhoneSimulator.Deploy.0 = Release|iPhoneSimulator
		{1D41190F-C240-4835-BB22-93B01042F8B1}.Ad-Hoc|Any CPU.ActiveCfg = Debug|Any CPU
		{1D41190F-C240-4835-BB22-93B01042F8B1}.Ad-Hoc|Any CPU.Build.0 = Debug|Any CPU
		{1D41190F-C240-4835-BB22-93B01042F8B1}.Ad-Hoc|Any CPU.Deploy.0 = Debug|Any CPU
		{1D41190F-C240-4835-BB22-93B01042F8B1}.Ad-Hoc|iPhone.ActiveCfg = Debug|Any CPU
		{1D41190F-C240-4835-BB22-93B01042F8B1}.Ad-Hoc|iPhone.Build.0 = Debug|Any CPU
		{1D41190F-C240-4835-BB22-93B01042F8B1}.Ad-Hoc|iPhone.Deploy.0 = Debug|Any CPU
		{1D41190F-C240-4835-BB22-93B01042F8B1}.Ad-Hoc|iPhoneSimulator.ActiveCfg = Debug|Any CPU
		{1D41190F-C240-4835-BB22-93B01042F8B1}.Ad-Hoc|iPhoneSimulator.Build.0 = Debug|Any CPU
		{1D41190F-C240-4835-BB22-93B01042F8B1}.Ad-Hoc|iPhoneSimulator.Deploy.0 = Debug|Any CPU
		{1D41190F-C240-4835-BB22-93B01042F8B1}.AppStore|Any CPU.ActiveCfg = Debug|Any CPU
		{1D41190F-C240-4835-BB22-93B01042F8B1}.AppStore|Any CPU.Build.0 = Debug|Any CPU
		{1D41190F-C240-4835-BB22-93B01042F8B1}.AppStore|Any CPU.Deploy.0 = Debug|Any CPU
		{1D41190F-C240-4835-BB22-93B01042F8B1}.AppStore|iPhone.ActiveCfg = Debug|Any CPU
		{1D41190F-C240-4835-BB22-93B01042F8B1}.AppStore|iPhone.Build.0 = Debug|Any CPU
		{1D41190F-C240-4835-BB22-93B01042F8B1}.AppStore|iPhone.Deploy.0 = Debug|Any CPU
		{1D41190F-C240-4835-BB22-93B01042F8B1}.AppStore|iPhoneSimulator.ActiveCfg = Debug|Any CPU
		{1D41190F-C240-4835-BB22-93B01042F8B1}.AppStore|iPhoneSimulator.Build.0 = Debug|Any CPU
		{1D41190F-C240-4835-BB22-93B01042F8B1}.AppStore|iPhoneSimulator.Deploy.0 = Debug|Any CPU
		{1D41190F-C240-4835-BB22-93B01042F8B1}.Debug|Any CPU.ActiveCfg = Debug|Any CPU
		{1D41190F-C240-4835-BB22-93B01042F8B1}.Debug|Any CPU.Build.0 = Debug|Any CPU
		{1D41190F-C240-4835-BB22-93B01042F8B1}.Debug|Any CPU.Deploy.0 = Debug|Any CPU
		{1D41190F-C240-4835-BB22-93B01042F8B1}.Debug|iPhone.ActiveCfg = Debug|Any CPU
		{1D41190F-C240-4835-BB22-93B01042F8B1}.Debug|iPhone.Build.0 = Debug|Any CPU
		{1D41190F-C240-4835-BB22-93B01042F8B1}.Debug|iPhone.Deploy.0 = Debug|Any CPU
		{1D41190F-C240-4835-BB22-93B01042F8B1}.Debug|iPhoneSimulator.ActiveCfg = Debug|Any CPU
		{1D41190F-C240-4835-BB22-93B01042F8B1}.Debug|iPhoneSimulator.Build.0 = Debug|Any CPU
		{1D41190F-C240-4835-BB22-93B01042F8B1}.Debug|iPhoneSimulator.Deploy.0 = Debug|Any CPU
		{1D41190F-C240-4835-BB22-93B01042F8B1}.Release|Any CPU.ActiveCfg = Release|Any CPU
		{1D41190F-C240-4835-BB22-93B01042F8B1}.Release|Any CPU.Build.0 = Release|Any CPU
		{1D41190F-C240-4835-BB22-93B01042F8B1}.Release|Any CPU.Deploy.0 = Release|Any CPU
		{1D41190F-C240-4835-BB22-93B01042F8B1}.Release|iPhone.ActiveCfg = Release|Any CPU
		{1D41190F-C240-4835-BB22-93B01042F8B1}.Release|iPhone.Build.0 = Release|Any CPU
		{1D41190F-C240-4835-BB22-93B01042F8B1}.Release|iPhone.Deploy.0 = Release|Any CPU
		{1D41190F-C240-4835-BB22-93B01042F8B1}.Release|iPhoneSimulator.ActiveCfg = Release|Any CPU
		{1D41190F-C240-4835-BB22-93B01042F8B1}.Release|iPhoneSimulator.Build.0 = Release|Any CPU
		{1D41190F-C240-4835-BB22-93B01042F8B1}.Release|iPhoneSimulator.Deploy.0 = Release|Any CPU
	EndGlobalSection
	GlobalSection(SolutionProperties) = preSolution
		HideSolutionNode = FALSE
	EndGlobalSection
	GlobalSection(ExtensibilityGlobals) = postSolution
		SolutionGuid = {764BB0A3-9803-4C8E-8061-D88A3FB5FBF4}
	EndGlobalSection
EndGlobal
