
Microsoft Visual Studio Solution File, Format Version 12.00
# Visual Studio 15
VisualStudioVersion = 15.0.28307.757
MinimumVisualStudioVersion = 10.0.40219.1
Project("{FAE04EC0-301F-11D3-BF4B-00C04F79EFBC}") = "Northwind.Android", "Northwind\Northwind.Android\Northwind.Android.csproj", "{6804A954-1CAF-40F3-947E-8932CF5334A2}"
EndProject
Project("{FAE04EC0-301F-11D3-BF4B-00C04F79EFBC}") = "Northwind.iOS", "Northwind\Northwind.iOS\Northwind.iOS.csproj", "{EEEA7D92-F651-4F69-9361-1AA6E31737BB}"
EndProject
Project("{FAE04EC0-301F-11D3-BF4B-00C04F79EFBC}") = "Northwind", "Northwind\Northwind\Northwind.csproj", "{DCF8F437-289B-40B2-92CD-C8C34C71A775}"
EndProject
Global
	GlobalSection(SolutionConfigurationPlatforms) = preSolution
		Ad-Hoc|Any CPU = Ad-Hoc|Any CPU
		Ad-Hoc|iPhone = Ad-Hoc|iPhone
		Ad-Hoc|iPhoneSimulator = Ad-Hoc|iPhoneSimulator
		AppStore|Any CPU = AppStore|Any CPU
		AppStore|iPhone = AppStore|iPhone
		AppStore|iPhoneSimulator = AppStore|iPhoneSimulator
		Debug|Any CPU = Debug|Any CPU
		Debug|iPhone = Debug|iPhone
		Debug|iPhoneSimulator = Debug|iPhoneSimulator
		Release|Any CPU = Release|Any CPU
		Release|iPhone = Release|iPhone
		Release|iPhoneSimulator = Release|iPhoneSimulator
	EndGlobalSection
	GlobalSection(ProjectConfigurationPlatforms) = postSolution
		{6804A954-1CAF-40F3-947E-8932CF5334A2}.Ad-Hoc|Any CPU.ActiveCfg = Release|Any CPU
		{6804A954-1CAF-40F3-947E-8932CF5334A2}.Ad-Hoc|Any CPU.Build.0 = Release|Any CPU
		{6804A954-1CAF-40F3-947E-8932CF5334A2}.Ad-Hoc|Any CPU.Deploy.0 = Release|Any CPU
		{6804A954-1CAF-40F3-947E-8932CF5334A2}.Ad-Hoc|iPhone.ActiveCfg = Release|Any CPU
		{6804A954-1CAF-40F3-947E-8932CF5334A2}.Ad-Hoc|iPhone.Build.0 = Release|Any CPU
		{6804A954-1CAF-40F3-947E-8932CF5334A2}.Ad-Hoc|iPhone.Deploy.0 = Release|Any CPU
		{6804A954-1CAF-40F3-947E-8932CF5334A2}.Ad-Hoc|iPhoneSimulator.ActiveCfg = Release|Any CPU
		{6804A954-1CAF-40F3-947E-8932CF5334A2}.Ad-Hoc|iPhoneSimulator.Build.0 = Release|Any CPU
		{6804A954-1CAF-40F3-947E-8932CF5334A2}.Ad-Hoc|iPhoneSimulator.Deploy.0 = Release|Any CPU
		{6804A954-1CAF-40F3-947E-8932CF5334A2}.AppStore|Any CPU.ActiveCfg = Release|Any CPU
		{6804A954-1CAF-40F3-947E-8932CF5334A2}.AppStore|Any CPU.Build.0 = Release|Any CPU
		{6804A954-1CAF-40F3-947E-8932CF5334A2}.AppStore|Any CPU.Deploy.0 = Release|Any CPU
		{6804A954-1CAF-40F3-947E-8932CF5334A2}.AppStore|iPhone.ActiveCfg = Release|Any CPU
		{6804A954-1CAF-40F3-947E-8932CF5334A2}.AppStore|iPhone.Build.0 = Release|Any CPU
		{6804A954-1CAF-40F3-947E-8932CF5334A2}.AppStore|iPhone.Deploy.0 = Release|Any CPU
		{6804A954-1CAF-40F3-947E-8932CF5334A2}.AppStore|iPhoneSimulator.ActiveCfg = Release|Any CPU
		{6804A954-1CAF-40F3-947E-8932CF5334A2}.AppStore|iPhoneSimulator.Build.0 = Release|Any CPU
		{6804A954-1CAF-40F3-947E-8932CF5334A2}.AppStore|iPhoneSimulator.Deploy.0 = Release|Any CPU
		{6804A954-1CAF-40F3-947E-8932CF5334A2}.Debug|Any CPU.ActiveCfg = Debug|Any CPU
		{6804A954-1CAF-40F3-947E-8932CF5334A2}.Debug|Any CPU.Build.0 = Debug|Any CPU
		{6804A954-1CAF-40F3-947E-8932CF5334A2}.Debug|Any CPU.Deploy.0 = Debug|Any CPU
		{6804A954-1CAF-40F3-947E-8932CF5334A2}.Debug|iPhone.ActiveCfg = Debug|Any CPU
		{6804A954-1CAF-40F3-947E-8932CF5334A2}.Debug|iPhone.Build.0 = Debug|Any CPU
		{6804A954-1CAF-40F3-947E-8932CF5334A2}.Debug|iPhone.Deploy.0 = Debug|Any CPU
		{6804A954-1CAF-40F3-947E-8932CF5334A2}.Debug|iPhoneSimulator.ActiveCfg = Debug|Any CPU
		{6804A954-1CAF-40F3-947E-8932CF5334A2}.Debug|iPhoneSimulator.Build.0 = Debug|Any CPU
		{6804A954-1CAF-40F3-947E-8932CF5334A2}.Debug|iPhoneSimulator.Deploy.0 = Debug|Any CPU
		{6804A954-1CAF-40F3-947E-8932CF5334A2}.Release|Any CPU.ActiveCfg = Release|Any CPU
		{6804A954-1CAF-40F3-947E-8932CF5334A2}.Release|Any CPU.Build.0 = Release|Any CPU
		{6804A954-1CAF-40F3-947E-8932CF5334A2}.Release|Any CPU.Deploy.0 = Release|Any CPU
		{6804A954-1CAF-40F3-947E-8932CF5334A2}.Release|iPhone.ActiveCfg = Release|Any CPU
		{6804A954-1CAF-40F3-947E-8932CF5334A2}.Release|iPhone.Build.0 = Release|Any CPU
		{6804A954-1CAF-40F3-947E-8932CF5334A2}.Release|iPhone.Deploy.0 = Release|Any CPU
		{6804A954-1CAF-40F3-947E-8932CF5334A2}.Release|iPhoneSimulator.ActiveCfg = Release|Any CPU
		{6804A954-1CAF-40F3-947E-8932CF5334A2}.Release|iPhoneSimulator.Build.0 = Release|Any CPU
		{6804A954-1CAF-40F3-947E-8932CF5334A2}.Release|iPhoneSimulator.Deploy.0 = Release|Any CPU
		{EEEA7D92-F651-4F69-9361-1AA6E31737BB}.Ad-Hoc|Any CPU.ActiveCfg = Ad-Hoc|iPhone
		{EEEA7D92-F651-4F69-9361-1AA6E31737BB}.Ad-Hoc|Any CPU.Build.0 = Ad-Hoc|iPhone
		{EEEA7D92-F651-4F69-9361-1AA6E31737BB}.Ad-Hoc|Any CPU.Deploy.0 = Ad-Hoc|iPhone
		{EEEA7D92-F651-4F69-9361-1AA6E31737BB}.Ad-Hoc|iPhone.ActiveCfg = Ad-Hoc|iPhone
		{EEEA7D92-F651-4F69-9361-1AA6E31737BB}.Ad-Hoc|iPhone.Build.0 = Ad-Hoc|iPhone
		{EEEA7D92-F651-4F69-9361-1AA6E31737BB}.Ad-Hoc|iPhone.Deploy.0 = Ad-Hoc|iPhone
		{EEEA7D92-F651-4F69-9361-1AA6E31737BB}.Ad-Hoc|iPhoneSimulator.ActiveCfg = Ad-Hoc|iPhoneSimulator
		{EEEA7D92-F651-4F69-9361-1AA6E31737BB}.Ad-Hoc|iPhoneSimulator.Build.0 = Ad-Hoc|iPhoneSimulator
		{EEEA7D92-F651-4F69-9361-1AA6E31737BB}.Ad-Hoc|iPhoneSimulator.Deploy.0 = Ad-Hoc|iPhoneSimulator
		{EEEA7D92-F651-4F69-9361-1AA6E31737BB}.AppStore|Any CPU.ActiveCfg = AppStore|iPhone
		{EEEA7D92-F651-4F69-9361-1AA6E31737BB}.AppStore|Any CPU.Build.0 = AppStore|iPhone
		{EEEA7D92-F651-4F69-9361-1AA6E31737BB}.AppStore|Any CPU.Deploy.0 = AppStore|iPhone
		{EEEA7D92-F651-4F69-9361-1AA6E31737BB}.AppStore|iPhone.ActiveCfg = AppStore|iPhone
		{EEEA7D92-F651-4F69-9361-1AA6E31737BB}.AppStore|iPhone.Build.0 = AppStore|iPhone
		{EEEA7D92-F651-4F69-9361-1AA6E31737BB}.AppStore|iPhone.Deploy.0 = AppStore|iPhone
		{EEEA7D92-F651-4F69-9361-1AA6E31737BB}.AppStore|iPhoneSimulator.ActiveCfg = AppStore|iPhoneSimulator
		{EEEA7D92-F651-4F69-9361-1AA6E31737BB}.AppStore|iPhoneSimulator.Build.0 = AppStore|iPhoneSimulator
		{EEEA7D92-F651-4F69-9361-1AA6E31737BB}.AppStore|iPhoneSimulator.Deploy.0 = AppStore|iPhoneSimulator
		{EEEA7D92-F651-4F69-9361-1AA6E31737BB}.Debug|Any CPU.ActiveCfg = Debug|iPhoneSimulator
		{EEEA7D92-F651-4F69-9361-1AA6E31737BB}.Debug|Any CPU.Build.0 = Debug|iPhoneSimulator
		{EEEA7D92-F651-4F69-9361-1AA6E31737BB}.Debug|Any CPU.Deploy.0 = Debug|iPhoneSimulator
		{EEEA7D92-F651-4F69-9361-1AA6E31737BB}.Debug|iPhone.ActiveCfg = Debug|iPhone
		{EEEA7D92-F651-4F69-9361-1AA6E31737BB}.Debug|iPhone.Build.0 = Debug|iPhone
		{EEEA7D92-F651-4F69-9361-1AA6E31737BB}.Debug|iPhone.Deploy.0 = Debug|iPhone
		{EEEA7D92-F651-4F69-9361-1AA6E31737BB}.Debug|iPhoneSimulator.ActiveCfg = Debug|iPhoneSimulator
		{EEEA7D92-F651-4F69-9361-1AA6E31737BB}.Debug|iPhoneSimulator.Build.0 = Debug|iPhoneSimulator
		{EEEA7D92-F651-4F69-9361-1AA6E31737BB}.Debug|iPhoneSimulator.Deploy.0 = Debug|iPhoneSimulator
		{EEEA7D92-F651-4F69-9361-1AA6E31737BB}.Release|Any CPU.ActiveCfg = Release|iPhone
		{EEEA7D92-F651-4F69-9361-1AA6E31737BB}.Release|Any CPU.Build.0 = Release|iPhone
		{EEEA7D92-F651-4F69-9361-1AA6E31737BB}.Release|Any CPU.Deploy.0 = Release|iPhone
		{EEEA7D92-F651-4F69-9361-1AA6E31737BB}.Release|iPhone.ActiveCfg = Release|iPhone
		{EEEA7D92-F651-4F69-9361-1AA6E31737BB}.Release|iPhone.Build.0 = Release|iPhone
		{EEEA7D92-F651-4F69-9361-1AA6E31737BB}.Release|iPhone.Deploy.0 = Release|iPhone
		{EEEA7D92-F651-4F69-9361-1AA6E31737BB}.Release|iPhoneSimulator.ActiveCfg = Release|iPhoneSimulator
		{EEEA7D92-F651-4F69-9361-1AA6E31737BB}.Release|iPhoneSimulator.Build.0 = Release|iPhoneSimulator
		{EEEA7D92-F651-4F69-9361-1AA6E31737BB}.Release|iPhoneSimulator.Deploy.0 = Release|iPhoneSimulator
		{DCF8F437-289B-40B2-92CD-C8C34C71A775}.Ad-Hoc|Any CPU.ActiveCfg = Debug|Any CPU
		{DCF8F437-289B-40B2-92CD-C8C34C71A775}.Ad-Hoc|Any CPU.Build.0 = Debug|Any CPU
		{DCF8F437-289B-40B2-92CD-C8C34C71A775}.Ad-Hoc|Any CPU.Deploy.0 = Debug|Any CPU
		{DCF8F437-289B-40B2-92CD-C8C34C71A775}.Ad-Hoc|iPhone.ActiveCfg = Debug|Any CPU
		{DCF8F437-289B-40B2-92CD-C8C34C71A775}.Ad-Hoc|iPhone.Build.0 = Debug|Any CPU
		{DCF8F437-289B-40B2-92CD-C8C34C71A775}.Ad-Hoc|iPhone.Deploy.0 = Debug|Any CPU
		{DCF8F437-289B-40B2-92CD-C8C34C71A775}.Ad-Hoc|iPhoneSimulator.ActiveCfg = Debug|Any CPU
		{DCF8F437-289B-40B2-92CD-C8C34C71A775}.Ad-Hoc|iPhoneSimulator.Build.0 = Debug|Any CPU
		{DCF8F437-289B-40B2-92CD-C8C34C71A775}.Ad-Hoc|iPhoneSimulator.Deploy.0 = Debug|Any CPU
		{DCF8F437-289B-40B2-92CD-C8C34C71A775}.AppStore|Any CPU.ActiveCfg = Debug|Any CPU
		{DCF8F437-289B-40B2-92CD-C8C34C71A775}.AppStore|Any CPU.Build.0 = Debug|Any CPU
		{DCF8F437-289B-40B2-92CD-C8C34C71A775}.AppStore|Any CPU.Deploy.0 = Debug|Any CPU
		{DCF8F437-289B-40B2-92CD-C8C34C71A775}.AppStore|iPhone.ActiveCfg = Debug|Any CPU
		{DCF8F437-289B-40B2-92CD-C8C34C71A775}.AppStore|iPhone.Build.0 = Debug|Any CPU
		{DCF8F437-289B-40B2-92CD-C8C34C71A775}.AppStore|iPhone.Deploy.0 = Debug|Any CPU
		{DCF8F437-289B-40B2-92CD-C8C34C71A775}.AppStore|iPhoneSimulator.ActiveCfg = Debug|Any CPU
		{DCF8F437-289B-40B2-92CD-C8C34C71A775}.AppStore|iPhoneSimulator.Build.0 = Debug|Any CPU
		{DCF8F437-289B-40B2-92CD-C8C34C71A775}.AppStore|iPhoneSimulator.Deploy.0 = Debug|Any CPU
		{DCF8F437-289B-40B2-92CD-C8C34C71A775}.Debug|Any CPU.ActiveCfg = Debug|Any CPU
		{DCF8F437-289B-40B2-92CD-C8C34C71A775}.Debug|Any CPU.Build.0 = Debug|Any CPU
		{DCF8F437-289B-40B2-92CD-C8C34C71A775}.Debug|Any CPU.Deploy.0 = Debug|Any CPU
		{DCF8F437-289B-40B2-92CD-C8C34C71A775}.Debug|iPhone.ActiveCfg = Debug|Any CPU
		{DCF8F437-289B-40B2-92CD-C8C34C71A775}.Debug|iPhone.Build.0 = Debug|Any CPU
		{DCF8F437-289B-40B2-92CD-C8C34C71A775}.Debug|iPhone.Deploy.0 = Debug|Any CPU
		{DCF8F437-289B-40B2-92CD-C8C34C71A775}.Debug|iPhoneSimulator.ActiveCfg = Debug|Any CPU
		{DCF8F437-289B-40B2-92CD-C8C34C71A775}.Debug|iPhoneSimulator.Build.0 = Debug|Any CPU
		{DCF8F437-289B-40B2-92CD-C8C34C71A775}.Debug|iPhoneSimulator.Deploy.0 = Debug|Any CPU
		{DCF8F437-289B-40B2-92CD-C8C34C71A775}.Release|Any CPU.ActiveCfg = Release|Any CPU
		{DCF8F437-289B-40B2-92CD-C8C34C71A775}.Release|Any CPU.Build.0 = Release|Any CPU
		{DCF8F437-289B-40B2-92CD-C8C34C71A775}.Release|Any CPU.Deploy.0 = Release|Any CPU
		{DCF8F437-289B-40B2-92CD-C8C34C71A775}.Release|iPhone.ActiveCfg = Release|Any CPU
		{DCF8F437-289B-40B2-92CD-C8C34C71A775}.Release|iPhone.Build.0 = Release|Any CPU
		{DCF8F437-289B-40B2-92CD-C8C34C71A775}.Release|iPhone.Deploy.0 = Release|Any CPU
		{DCF8F437-289B-40B2-92CD-C8C34C71A775}.Release|iPhoneSimulator.ActiveCfg = Release|Any CPU
		{DCF8F437-289B-40B2-92CD-C8C34C71A775}.Release|iPhoneSimulator.Build.0 = Release|Any CPU
		{DCF8F437-289B-40B2-92CD-C8C34C71A775}.Release|iPhoneSimulator.Deploy.0 = Release|Any CPU
	EndGlobalSection
	GlobalSection(SolutionProperties) = preSolution
		HideSolutionNode = FALSE
	EndGlobalSection
	GlobalSection(ExtensibilityGlobals) = postSolution
		SolutionGuid = {983026D2-C18C-4634-B95F-1E9A466AA81B}
	EndGlobalSection
EndGlobal
